
Microsoft Visual Studio Solution File, Format Version 12.00
# Visual Studio Version 16
VisualStudioVersion = 16.0.31129.286
MinimumVisualStudioVersion = 10.0.40219.1
Project("{FAE04EC0-301F-11D3-BF4B-00C04F79EFBC}") = "ConsoleApp2", "ConsoleApp2.csproj", "{60786939-ED72-47B9-B371-AFEEC3716BF3}"
EndProject
Global
	GlobalSection(SolutionConfigurationPlatforms) = preSolution
		Debug|Any CPU = Debug|Any CPU
		Release|Any CPU = Release|Any CPU
	EndGlobalSection
	GlobalSection(ProjectConfigurationPlatforms) = postSolution
		{60786939-ED72-47B9-B371-AFEEC3716BF3}.Debug|Any CPU.ActiveCfg = Debug|Any CPU
		{60786939-ED72-47B9-B371-AFEEC3716BF3}.Debug|Any CPU.Build.0 = Debug|Any CPU
		{60786939-ED72-47B9-B371-AFEEC3716BF3}.Release|Any CPU.ActiveCfg = Release|Any CPU
		{60786939-ED72-47B9-B371-AFEEC3716BF3}.Release|Any CPU.Build.0 = Release|Any CPU
	EndGlobalSection
	GlobalSection(SolutionProperties) = preSolution
		HideSolutionNode = FALSE
	EndGlobalSection
	GlobalSection(ExtensibilityGlobals) = postSolution
		SolutionGuid = {2C653EDB-EDA0-4D06-90F3-C12E6DB057E7}
	EndGlobalSection
EndGlobal
